// !$*UTF8*$!
{
	archiveVersion = 1;
	classes = {
	};
	objectVersion = 56;
	objects = {

/* Begin PBXBuildFile section */
		FA63629F28A7F182003C56F8 /* iOSDC2022App.swift in Sources */ = {isa = PBXBuildFile; fileRef = FA63629E28A7F182003C56F8 /* iOSDC2022App.swift */; };
		FA6362A128A7F182003C56F8 /* ContentView.swift in Sources */ = {isa = PBXBuildFile; fileRef = FA6362A028A7F182003C56F8 /* ContentView.swift */; };
		FA6362A328A7F183003C56F8 /* Assets.xcassets in Resources */ = {isa = PBXBuildFile; fileRef = FA6362A228A7F183003C56F8 /* Assets.xcassets */; };
		FA6362A728A7F183003C56F8 /* Preview Assets.xcassets in Resources */ = {isa = PBXBuildFile; fileRef = FA6362A628A7F183003C56F8 /* Preview Assets.xcassets */; };
		FA6362AF28A7F1E9003C56F8 /* ComposableArchitecture in Frameworks */ = {isa = PBXBuildFile; productRef = FA6362AE28A7F1E9003C56F8 /* ComposableArchitecture */; };
		FA6362B128A7F202003C56F8 /* Timetable.swift in Sources */ = {isa = PBXBuildFile; fileRef = FA6362B028A7F202003C56F8 /* Timetable.swift */; };
		FA6362B328A7F241003C56F8 /* AppState.swift in Sources */ = {isa = PBXBuildFile; fileRef = FA6362B228A7F241003C56F8 /* AppState.swift */; };
		FA6362B628AA8CBE003C56F8 /* APIClient.swift in Sources */ = {isa = PBXBuildFile; fileRef = FA6362B528AA8CBE003C56F8 /* APIClient.swift */; };
		FA8D76F628ABE2B1000F2627 /* TimetableView.swift in Sources */ = {isa = PBXBuildFile; fileRef = FA8D76F528ABE2B0000F2627 /* TimetableView.swift */; };
/* End PBXBuildFile section */

/* Begin PBXFileReference section */
		FA63629B28A7F182003C56F8 /* iOSDC2022.app */ = {isa = PBXFileReference; explicitFileType = wrapper.application; includeInIndex = 0; path = iOSDC2022.app; sourceTree = BUILT_PRODUCTS_DIR; };
		FA63629E28A7F182003C56F8 /* iOSDC2022App.swift */ = {isa = PBXFileReference; lastKnownFileType = sourcecode.swift; path = iOSDC2022App.swift; sourceTree = "<group>"; };
		FA6362A028A7F182003C56F8 /* ContentView.swift */ = {isa = PBXFileReference; lastKnownFileType = sourcecode.swift; path = ContentView.swift; sourceTree = "<group>"; };
		FA6362A228A7F183003C56F8 /* Assets.xcassets */ = {isa = PBXFileReference; lastKnownFileType = folder.assetcatalog; path = Assets.xcassets; sourceTree = "<group>"; };
		FA6362A428A7F183003C56F8 /* iOSDC2022.entitlements */ = {isa = PBXFileReference; lastKnownFileType = text.plist.entitlements; path = iOSDC2022.entitlements; sourceTree = "<group>"; };
		FA6362A628A7F183003C56F8 /* Preview Assets.xcassets */ = {isa = PBXFileReference; lastKnownFileType = folder.assetcatalog; path = "Preview Assets.xcassets"; sourceTree = "<group>"; };
		FA6362B028A7F202003C56F8 /* Timetable.swift */ = {isa = PBXFileReference; fileEncoding = 4; lastKnownFileType = sourcecode.swift; path = Timetable.swift; sourceTree = "<group>"; };
		FA6362B228A7F241003C56F8 /* AppState.swift */ = {isa = PBXFileReference; lastKnownFileType = sourcecode.swift; path = AppState.swift; sourceTree = "<group>"; };
		FA6362B528AA8CBE003C56F8 /* APIClient.swift */ = {isa = PBXFileReference; lastKnownFileType = sourcecode.swift; path = APIClient.swift; sourceTree = "<group>"; };
		FA8D76F528ABE2B0000F2627 /* TimetableView.swift */ = {isa = PBXFileReference; lastKnownFileType = sourcecode.swift; path = TimetableView.swift; sourceTree = "<group>"; };
/* End PBXFileReference section */

/* Begin PBXFrameworksBuildPhase section */
		FA63629828A7F182003C56F8 /* Frameworks */ = {
			isa = PBXFrameworksBuildPhase;
			buildActionMask = 2147483647;
			files = (
				FA6362AF28A7F1E9003C56F8 /* ComposableArchitecture in Frameworks */,
			);
			runOnlyForDeploymentPostprocessing = 0;
		};
/* End PBXFrameworksBuildPhase section */

/* Begin PBXGroup section */
		FA63629228A7F182003C56F8 = {
			isa = PBXGroup;
			children = (
				FA63629D28A7F182003C56F8 /* iOSDC2022 */,
				FA63629C28A7F182003C56F8 /* Products */,
			);
			sourceTree = "<group>";
		};
		FA63629C28A7F182003C56F8 /* Products */ = {
			isa = PBXGroup;
			children = (
				FA63629B28A7F182003C56F8 /* iOSDC2022.app */,
			);
			name = Products;
			sourceTree = "<group>";
		};
		FA63629D28A7F182003C56F8 /* iOSDC2022 */ = {
			isa = PBXGroup;
			children = (
				FA8D76F828ABE488000F2627 /* Model */,
				FA8D76F728ABE420000F2627 /* TCAComponent */,
				FA8D76F428ABE296000F2627 /* View */,
				FA6362B428AA8CAF003C56F8 /* API */,
				FA63629E28A7F182003C56F8 /* iOSDC2022App.swift */,
				FA6362A228A7F183003C56F8 /* Assets.xcassets */,
				FA6362A428A7F183003C56F8 /* iOSDC2022.entitlements */,
				FA6362A528A7F183003C56F8 /* Preview Content */,
			);
			path = iOSDC2022;
			sourceTree = "<group>";
		};
		FA6362A528A7F183003C56F8 /* Preview Content */ = {
			isa = PBXGroup;
			children = (
				FA6362A628A7F183003C56F8 /* Preview Assets.xcassets */,
			);
			path = "Preview Content";
			sourceTree = "<group>";
		};
		FA6362B428AA8CAF003C56F8 /* API */ = {
			isa = PBXGroup;
			children = (
				FA6362B528AA8CBE003C56F8 /* APIClient.swift */,
			);
			path = API;
			sourceTree = "<group>";
		};
		FA8D76F428ABE296000F2627 /* View */ = {
			isa = PBXGroup;
			children = (
				FA6362A028A7F182003C56F8 /* ContentView.swift */,
				FA8D76F528ABE2B0000F2627 /* TimetableView.swift */,
			);
			path = View;
			sourceTree = "<group>";
		};
		FA8D76F728ABE420000F2627 /* TCAComponent */ = {
			isa = PBXGroup;
			children = (
				FA6362B228A7F241003C56F8 /* AppState.swift */,
			);
			path = TCAComponent;
			sourceTree = "<group>";
		};
		FA8D76F828ABE488000F2627 /* Model */ = {
			isa = PBXGroup;
			children = (
				FA6362B028A7F202003C56F8 /* Timetable.swift */,
			);
			path = Model;
			sourceTree = "<group>";
		};
/* End PBXGroup section */

/* Begin PBXNativeTarget section */
		FA63629A28A7F182003C56F8 /* iOSDC2022 */ = {
			isa = PBXNativeTarget;
			buildConfigurationList = FA6362AA28A7F183003C56F8 /* Build configuration list for PBXNativeTarget "iOSDC2022" */;
			buildPhases = (
				FA63629728A7F182003C56F8 /* Sources */,
				FA63629828A7F182003C56F8 /* Frameworks */,
				FA63629928A7F182003C56F8 /* Resources */,
			);
			buildRules = (
			);
			dependencies = (
			);
			name = iOSDC2022;
			packageProductDependencies = (
				FA6362AE28A7F1E9003C56F8 /* ComposableArchitecture */,
			);
			productName = iOSDC2022;
			productReference = FA63629B28A7F182003C56F8 /* iOSDC2022.app */;
			productType = "com.apple.product-type.application";
		};
/* End PBXNativeTarget section */

/* Begin PBXProject section */
		FA63629328A7F182003C56F8 /* Project object */ = {
			isa = PBXProject;
			attributes = {
				BuildIndependentTargetsInParallel = 1;
				LastSwiftUpdateCheck = 1400;
				LastUpgradeCheck = 1400;
				TargetAttributes = {
					FA63629A28A7F182003C56F8 = {
						CreatedOnToolsVersion = 14.0;
					};
				};
			};
			buildConfigurationList = FA63629628A7F182003C56F8 /* Build configuration list for PBXProject "iOSDC2022" */;
			compatibilityVersion = "Xcode 14.0";
			developmentRegion = en;
			hasScannedForEncodings = 0;
			knownRegions = (
				en,
				Base,
			);
			mainGroup = FA63629228A7F182003C56F8;
			packageReferences = (
				FA6362AD28A7F1E9003C56F8 /* XCRemoteSwiftPackageReference "swift-composable-architecture" */,
			);
			productRefGroup = FA63629C28A7F182003C56F8 /* Products */;
			projectDirPath = "";
			projectRoot = "";
			targets = (
				FA63629A28A7F182003C56F8 /* iOSDC2022 */,
			);
		};
/* End PBXProject section */

/* Begin PBXResourcesBuildPhase section */
		FA63629928A7F182003C56F8 /* Resources */ = {
			isa = PBXResourcesBuildPhase;
			buildActionMask = 2147483647;
			files = (
				FA6362A728A7F183003C56F8 /* Preview Assets.xcassets in Resources */,
				FA6362A328A7F183003C56F8 /* Assets.xcassets in Resources */,
			);
			runOnlyForDeploymentPostprocessing = 0;
		};
/* End PBXResourcesBuildPhase section */

/* Begin PBXSourcesBuildPhase section */
		FA63629728A7F182003C56F8 /* Sources */ = {
			isa = PBXSourcesBuildPhase;
			buildActionMask = 2147483647;
			files = (
				FA6362A128A7F182003C56F8 /* ContentView.swift in Sources */,
				FA63629F28A7F182003C56F8 /* iOSDC2022App.swift in Sources */,
				FA6362B128A7F202003C56F8 /* Timetable.swift in Sources */,
				FA6362B628AA8CBE003C56F8 /* APIClient.swift in Sources */,
				FA8D76F628ABE2B1000F2627 /* TimetableView.swift in Sources */,
				FA6362B328A7F241003C56F8 /* AppState.swift in Sources */,
			);
			runOnlyForDeploymentPostprocessing = 0;
		};
/* End PBXSourcesBuildPhase section */

/* Begin XCBuildConfiguration section */
		FA6362A828A7F183003C56F8 /* Debug */ = {
			isa = XCBuildConfiguration;
			buildSettings = {
				ALWAYS_SEARCH_USER_PATHS = NO;
				CLANG_ANALYZER_NONNULL = YES;
				CLANG_ANALYZER_NUMBER_OBJECT_CONVERSION = YES_AGGRESSIVE;
				CLANG_CXX_LANGUAGE_STANDARD = "gnu++20";
				CLANG_ENABLE_MODULES = YES;
				CLANG_ENABLE_OBJC_ARC = YES;
				CLANG_ENABLE_OBJC_WEAK = YES;
				CLANG_WARN_BLOCK_CAPTURE_AUTORELEASING = YES;
				CLANG_WARN_BOOL_CONVERSION = YES;
				CLANG_WARN_COMMA = YES;
				CLANG_WARN_CONSTANT_CONVERSION = YES;
				CLANG_WARN_DEPRECATED_OBJC_IMPLEMENTATIONS = YES;
				CLANG_WARN_DIRECT_OBJC_ISA_USAGE = YES_ERROR;
				CLANG_WARN_DOCUMENTATION_COMMENTS = YES;
				CLANG_WARN_EMPTY_BODY = YES;
				CLANG_WARN_ENUM_CONVERSION = YES;
				CLANG_WARN_INFINITE_RECURSION = YES;
				CLANG_WARN_INT_CONVERSION = YES;
				CLANG_WARN_NON_LITERAL_NULL_CONVERSION = YES;
				CLANG_WARN_OBJC_IMPLICIT_RETAIN_SELF = YES;
				CLANG_WARN_OBJC_LITERAL_CONVERSION = YES;
				CLANG_WARN_OBJC_ROOT_CLASS = YES_ERROR;
				CLANG_WARN_QUOTED_INCLUDE_IN_FRAMEWORK_HEADER = YES;
				CLANG_WARN_RANGE_LOOP_ANALYSIS = YES;
				CLANG_WARN_STRICT_PROTOTYPES = YES;
				CLANG_WARN_SUSPICIOUS_MOVE = YES;
				CLANG_WARN_UNGUARDED_AVAILABILITY = YES_AGGRESSIVE;
				CLANG_WARN_UNREACHABLE_CODE = YES;
				CLANG_WARN__DUPLICATE_METHOD_MATCH = YES;
				COPY_PHASE_STRIP = NO;
				DEBUG_INFORMATION_FORMAT = dwarf;
				ENABLE_STRICT_OBJC_MSGSEND = YES;
				ENABLE_TESTABILITY = YES;
				GCC_C_LANGUAGE_STANDARD = gnu11;
				GCC_DYNAMIC_NO_PIC = NO;
				GCC_NO_COMMON_BLOCKS = YES;
				GCC_OPTIMIZATION_LEVEL = 0;
				GCC_PREPROCESSOR_DEFINITIONS = (
					"DEBUG=1",
					"$(inherited)",
				);
				GCC_WARN_64_TO_32_BIT_CONVERSION = YES;
				GCC_WARN_ABOUT_RETURN_TYPE = YES_ERROR;
				GCC_WARN_UNDECLARED_SELECTOR = YES;
				GCC_WARN_UNINITIALIZED_AUTOS = YES_AGGRESSIVE;
				GCC_WARN_UNUSED_FUNCTION = YES;
				GCC_WARN_UNUSED_VARIABLE = YES;
				MTL_ENABLE_DEBUG_INFO = INCLUDE_SOURCE;
				MTL_FAST_MATH = YES;
				ONLY_ACTIVE_ARCH = YES;
				SWIFT_ACTIVE_COMPILATION_CONDITIONS = DEBUG;
				SWIFT_OPTIMIZATION_LEVEL = "-Onone";
			};
			name = Debug;
		};
		FA6362A928A7F183003C56F8 /* Release */ = {
			isa = XCBuildConfiguration;
			buildSettings = {
				ALWAYS_SEARCH_USER_PATHS = NO;
				CLANG_ANALYZER_NONNULL = YES;
				CLANG_ANALYZER_NUMBER_OBJECT_CONVERSION = YES_AGGRESSIVE;
				CLANG_CXX_LANGUAGE_STANDARD = "gnu++20";
				CLANG_ENABLE_MODULES = YES;
				CLANG_ENABLE_OBJC_ARC = YES;
				CLANG_ENABLE_OBJC_WEAK = YES;
				CLANG_WARN_BLOCK_CAPTURE_AUTORELEASING = YES;
				CLANG_WARN_BOOL_CONVERSION = YES;
				CLANG_WARN_COMMA = YES;
				CLANG_WARN_CONSTANT_CONVERSION = YES;
				CLANG_WARN_DEPRECATED_OBJC_IMPLEMENTATIONS = YES;
				CLANG_WARN_DIRECT_OBJC_ISA_USAGE = YES_ERROR;
				CLANG_WARN_DOCUMENTATION_COMMENTS = YES;
				CLANG_WARN_EMPTY_BODY = YES;
				CLANG_WARN_ENUM_CONVERSION = YES;
				CLANG_WARN_INFINITE_RECURSION = YES;
				CLANG_WARN_INT_CONVERSION = YES;
				CLANG_WARN_NON_LITERAL_NULL_CONVERSION = YES;
				CLANG_WARN_OBJC_IMPLICIT_RETAIN_SELF = YES;
				CLANG_WARN_OBJC_LITERAL_CONVERSION = YES;
				CLANG_WARN_OBJC_ROOT_CLASS = YES_ERROR;
				CLANG_WARN_QUOTED_INCLUDE_IN_FRAMEWORK_HEADER = YES;
				CLANG_WARN_RANGE_LOOP_ANALYSIS = YES;
				CLANG_WARN_STRICT_PROTOTYPES = YES;
				CLANG_WARN_SUSPICIOUS_MOVE = YES;
				CLANG_WARN_UNGUARDED_AVAILABILITY = YES_AGGRESSIVE;
				CLANG_WARN_UNREACHABLE_CODE = YES;
				CLANG_WARN__DUPLICATE_METHOD_MATCH = YES;
				COPY_PHASE_STRIP = NO;
				DEBUG_INFORMATION_FORMAT = "dwarf-with-dsym";
				ENABLE_NS_ASSERTIONS = NO;
				ENABLE_STRICT_OBJC_MSGSEND = YES;
				GCC_C_LANGUAGE_STANDARD = gnu11;
				GCC_NO_COMMON_BLOCKS = YES;
				GCC_WARN_64_TO_32_BIT_CONVERSION = YES;
				GCC_WARN_ABOUT_RETURN_TYPE = YES_ERROR;
				GCC_WARN_UNDECLARED_SELECTOR = YES;
				GCC_WARN_UNINITIALIZED_AUTOS = YES_AGGRESSIVE;
				GCC_WARN_UNUSED_FUNCTION = YES;
				GCC_WARN_UNUSED_VARIABLE = YES;
				MTL_ENABLE_DEBUG_INFO = NO;
				MTL_FAST_MATH = YES;
				SWIFT_COMPILATION_MODE = wholemodule;
				SWIFT_OPTIMIZATION_LEVEL = "-O";
			};
			name = Release;
		};
		FA6362AB28A7F183003C56F8 /* Debug */ = {
			isa = XCBuildConfiguration;
			buildSettings = {
				ASSETCATALOG_COMPILER_APPICON_NAME = AppIcon;
				ASSETCATALOG_COMPILER_GLOBAL_ACCENT_COLOR_NAME = AccentColor;
				CODE_SIGN_ENTITLEMENTS = iOSDC2022/iOSDC2022.entitlements;
				"CODE_SIGN_IDENTITY[sdk=macosx*]" = "Apple Development";
				CODE_SIGN_STYLE = Automatic;
				CURRENT_PROJECT_VERSION = 1;
				DEVELOPMENT_ASSET_PATHS = "\"iOSDC2022/Preview Content\"";
				DEVELOPMENT_TEAM = 2RNKT55WYW;
				ENABLE_HARDENED_RUNTIME = YES;
				ENABLE_PREVIEWS = YES;
				GENERATE_INFOPLIST_FILE = YES;
				"INFOPLIST_KEY_UIApplicationSceneManifest_Generation[sdk=iphoneos*]" = YES;
				"INFOPLIST_KEY_UIApplicationSceneManifest_Generation[sdk=iphonesimulator*]" = YES;
				"INFOPLIST_KEY_UIApplicationSupportsIndirectInputEvents[sdk=iphoneos*]" = YES;
				"INFOPLIST_KEY_UIApplicationSupportsIndirectInputEvents[sdk=iphonesimulator*]" = YES;
				"INFOPLIST_KEY_UILaunchScreen_Generation[sdk=iphoneos*]" = YES;
				"INFOPLIST_KEY_UILaunchScreen_Generation[sdk=iphonesimulator*]" = YES;
				"INFOPLIST_KEY_UIStatusBarStyle[sdk=iphoneos*]" = UIStatusBarStyleDefault;
				"INFOPLIST_KEY_UIStatusBarStyle[sdk=iphonesimulator*]" = UIStatusBarStyleDefault;
				INFOPLIST_KEY_UISupportedInterfaceOrientations_iPad = "UIInterfaceOrientationPortrait UIInterfaceOrientationPortraitUpsideDown UIInterfaceOrientationLandscapeLeft UIInterfaceOrientationLandscapeRight";
				INFOPLIST_KEY_UISupportedInterfaceOrientations_iPhone = "UIInterfaceOrientationPortrait UIInterfaceOrientationLandscapeLeft UIInterfaceOrientationLandscapeRight";
				IPHONEOS_DEPLOYMENT_TARGET = 16.0;
				LD_RUNPATH_SEARCH_PATHS = "@executable_path/Frameworks";
				"LD_RUNPATH_SEARCH_PATHS[sdk=macosx*]" = "@executable_path/../Frameworks";
				MACOSX_DEPLOYMENT_TARGET = 13.0;
				MARKETING_VERSION = 1.0;
				PRODUCT_BUNDLE_IDENTIFIER = com.bingyi.iOSDC2022;
				PRODUCT_NAME = "$(TARGET_NAME)";
				SDKROOT = auto;
				SUPPORTED_PLATFORMS = "iphoneos iphonesimulator macosx";
				SWIFT_EMIT_LOC_STRINGS = YES;
				SWIFT_VERSION = 5.0;
				TARGETED_DEVICE_FAMILY = "1,2";
			};
			name = Debug;
		};
		FA6362AC28A7F183003C56F8 /* Release */ = {
			isa = XCBuildConfiguration;
			buildSettings = {
				ASSETCATALOG_COMPILER_APPICON_NAME = AppIcon;
				ASSETCATALOG_COMPILER_GLOBAL_ACCENT_COLOR_NAME = AccentColor;
				CODE_SIGN_ENTITLEMENTS = iOSDC2022/iOSDC2022.entitlements;
				"CODE_SIGN_IDENTITY[sdk=macosx*]" = "Apple Development";
				CODE_SIGN_STYLE = Automatic;
				CURRENT_PROJECT_VERSION = 1;
				DEVELOPMENT_ASSET_PATHS = "\"iOSDC2022/Preview Content\"";
				DEVELOPMENT_TEAM = 2RNKT55WYW;
				ENABLE_HARDENED_RUNTIME = YES;
				ENABLE_PREVIEWS = YES;
				GENERATE_INFOPLIST_FILE = YES;
				"INFOPLIST_KEY_UIApplicationSceneManifest_Generation[sdk=iphoneos*]" = YES;
				"INFOPLIST_KEY_UIApplicationSceneManifest_Generation[sdk=iphonesimulator*]" = YES;
				"INFOPLIST_KEY_UIApplicationSupportsIndirectInputEvents[sdk=iphoneos*]" = YES;
				"INFOPLIST_KEY_UIApplicationSupportsIndirectInputEvents[sdk=iphonesimulator*]" = YES;
				"INFOPLIST_KEY_UILaunchScreen_Generation[sdk=iphoneos*]" = YES;
				"INFOPLIST_KEY_UILaunchScreen_Generation[sdk=iphonesimulator*]" = YES;
				"INFOPLIST_KEY_UIStatusBarStyle[sdk=iphoneos*]" = UIStatusBarStyleDefault;
				"INFOPLIST_KEY_UIStatusBarStyle[sdk=iphonesimulator*]" = UIStatusBarStyleDefault;
				INFOPLIST_KEY_UISupportedInterfaceOrientations_iPad = "UIInterfaceOrientationPortrait UIInterfaceOrientationPortraitUpsideDown UIInterfaceOrientationLandscapeLeft UIInterfaceOrientationLandscapeRight";
				INFOPLIST_KEY_UISupportedInterfaceOrientations_iPhone = "UIInterfaceOrientationPortrait UIInterfaceOrientationLandscapeLeft UIInterfaceOrientationLandscapeRight";
				IPHONEOS_DEPLOYMENT_TARGET = 16.0;
				LD_RUNPATH_SEARCH_PATHS = "@executable_path/Frameworks";
				"LD_RUNPATH_SEARCH_PATHS[sdk=macosx*]" = "@executable_path/../Frameworks";
				MACOSX_DEPLOYMENT_TARGET = 13.0;
				MARKETING_VERSION = 1.0;
				PRODUCT_BUNDLE_IDENTIFIER = com.bingyi.iOSDC2022;
				PRODUCT_NAME = "$(TARGET_NAME)";
				SDKROOT = auto;
				SUPPORTED_PLATFORMS = "iphoneos iphonesimulator macosx";
				SWIFT_EMIT_LOC_STRINGS = YES;
				SWIFT_VERSION = 5.0;
				TARGETED_DEVICE_FAMILY = "1,2";
			};
			name = Release;
		};
/* End XCBuildConfiguration section */

/* Begin XCConfigurationList section */
		FA63629628A7F182003C56F8 /* Build configuration list for PBXProject "iOSDC2022" */ = {
			isa = XCConfigurationList;
			buildConfigurations = (
				FA6362A828A7F183003C56F8 /* Debug */,
				FA6362A928A7F183003C56F8 /* Release */,
			);
			defaultConfigurationIsVisible = 0;
			defaultConfigurationName = Release;
		};
		FA6362AA28A7F183003C56F8 /* Build configuration list for PBXNativeTarget "iOSDC2022" */ = {
			isa = XCConfigurationList;
			buildConfigurations = (
				FA6362AB28A7F183003C56F8 /* Debug */,
				FA6362AC28A7F183003C56F8 /* Release */,
			);
			defaultConfigurationIsVisible = 0;
			defaultConfigurationName = Release;
		};
/* End XCConfigurationList section */

/* Begin XCRemoteSwiftPackageReference section */
		FA6362AD28A7F1E9003C56F8 /* XCRemoteSwiftPackageReference "swift-composable-architecture" */ = {
			isa = XCRemoteSwiftPackageReference;
			repositoryURL = "https://github.com/pointfreeco/swift-composable-architecture";
			requirement = {
				branch = main;
				kind = branch;
			};
		};
/* End XCRemoteSwiftPackageReference section */

/* Begin XCSwiftPackageProductDependency section */
		FA6362AE28A7F1E9003C56F8 /* ComposableArchitecture */ = {
			isa = XCSwiftPackageProductDependency;
			package = FA6362AD28A7F1E9003C56F8 /* XCRemoteSwiftPackageReference "swift-composable-architecture" */;
			productName = ComposableArchitecture;
		};
/* End XCSwiftPackageProductDependency section */
	};
	rootObject = FA63629328A7F182003C56F8 /* Project object */;
}
